// !$*UTF8*$!
{
	archiveVersion = 1;
	classes = {
	};
	objectVersion = 56;
	objects = {

/* Begin PBXBuildFile section */
		B07230B02A86DEC000F897B6 /* HilbertStoreApp.swift in Sources */ = {isa = PBXBuildFile; fileRef = B07230AF2A86DEC000F897B6 /* HilbertStoreApp.swift */; };
		B07230B22A86DEC000F897B6 /* ContentView.swift in Sources */ = {isa = PBXBuildFile; fileRef = B07230B12A86DEC000F897B6 /* ContentView.swift */; };
		B07230B42A86DEC200F897B6 /* Assets.xcassets in Resources */ = {isa = PBXBuildFile; fileRef = B07230B32A86DEC200F897B6 /* Assets.xcassets */; };
		B07230B72A86DEC200F897B6 /* Preview Assets.xcassets in Resources */ = {isa = PBXBuildFile; fileRef = B07230B62A86DEC200F897B6 /* Preview Assets.xcassets */; };
		B07230C62A86DEE000F897B6 /* RealityKitContent in Frameworks */ = {isa = PBXBuildFile; productRef = B07230C52A86DEE000F897B6 /* RealityKitContent */; };
		B07230C82A86DEE000F897B6 /* HilbertStoreVisionApp.swift in Sources */ = {isa = PBXBuildFile; fileRef = B07230C72A86DEE000F897B6 /* HilbertStoreVisionApp.swift */; };
		B07230CA2A86DEE000F897B6 /* ContentView.swift in Sources */ = {isa = PBXBuildFile; fileRef = B07230C92A86DEE000F897B6 /* ContentView.swift */; };
		B07230CC2A86DEE300F897B6 /* Assets.xcassets in Resources */ = {isa = PBXBuildFile; fileRef = B07230CB2A86DEE300F897B6 /* Assets.xcassets */; };
		B07230CF2A86DEE300F897B6 /* Preview Assets.xcassets in Resources */ = {isa = PBXBuildFile; fileRef = B07230CE2A86DEE300F897B6 /* Preview Assets.xcassets */; };
		B07230D62A86DF0A00F897B6 /* FirebaseFirestore in Frameworks */ = {isa = PBXBuildFile; productRef = B07230D52A86DF0A00F897B6 /* FirebaseFirestore */; };
		B07230D82A86DF0A00F897B6 /* FirebaseFirestoreSwift in Frameworks */ = {isa = PBXBuildFile; productRef = B07230D72A86DF0A00F897B6 /* FirebaseFirestoreSwift */; };
		B07230DA2A86DF0A00F897B6 /* FirebaseStorage in Frameworks */ = {isa = PBXBuildFile; productRef = B07230D92A86DF0A00F897B6 /* FirebaseStorage */; };
		B07230DC2A86DF1C00F897B6 /* FirebaseFirestore in Frameworks */ = {isa = PBXBuildFile; productRef = B07230DB2A86DF1C00F897B6 /* FirebaseFirestore */; };
		B07230DE2A86DF1C00F897B6 /* FirebaseFirestoreSwift in Frameworks */ = {isa = PBXBuildFile; productRef = B07230DD2A86DF1C00F897B6 /* FirebaseFirestoreSwift */; };
		B07230E02A86DF1C00F897B6 /* FirebaseStorage in Frameworks */ = {isa = PBXBuildFile; productRef = B07230DF2A86DF1C00F897B6 /* FirebaseStorage */; };
		B07230E22A86DF5100F897B6 /* GoogleService-Info.plist in Resources */ = {isa = PBXBuildFile; fileRef = B07230E12A86DF5100F897B6 /* GoogleService-Info.plist */; };
		B07230E42A86DF6200F897B6 /* GoogleService-Info.plist in Resources */ = {isa = PBXBuildFile; fileRef = B07230E32A86DF6200F897B6 /* GoogleService-Info.plist */; };
		B07230E92A86E39100F897B6 /* AppDelegate.swift in Sources */ = {isa = PBXBuildFile; fileRef = B07230E82A86E39100F897B6 /* AppDelegate.swift */; };
		B07230EA2A86E39100F897B6 /* AppDelegate.swift in Sources */ = {isa = PBXBuildFile; fileRef = B07230E82A86E39100F897B6 /* AppDelegate.swift */; };
/* End PBXBuildFile section */

/* Begin PBXFileReference section */
		B07230AC2A86DEC000F897B6 /* HilbertStore.app */ = {isa = PBXFileReference; explicitFileType = wrapper.application; includeInIndex = 0; path = HilbertStore.app; sourceTree = BUILT_PRODUCTS_DIR; };
		B07230AF2A86DEC000F897B6 /* HilbertStoreApp.swift */ = {isa = PBXFileReference; lastKnownFileType = sourcecode.swift; path = HilbertStoreApp.swift; sourceTree = "<group>"; };
		B07230B12A86DEC000F897B6 /* ContentView.swift */ = {isa = PBXFileReference; lastKnownFileType = sourcecode.swift; path = ContentView.swift; sourceTree = "<group>"; };
		B07230B32A86DEC200F897B6 /* Assets.xcassets */ = {isa = PBXFileReference; lastKnownFileType = folder.assetcatalog; path = Assets.xcassets; sourceTree = "<group>"; };
		B07230B62A86DEC200F897B6 /* Preview Assets.xcassets */ = {isa = PBXFileReference; lastKnownFileType = folder.assetcatalog; path = "Preview Assets.xcassets"; sourceTree = "<group>"; };
		B07230C12A86DEE000F897B6 /* HilbertStoreVision.app */ = {isa = PBXFileReference; explicitFileType = wrapper.application; includeInIndex = 0; path = HilbertStoreVision.app; sourceTree = BUILT_PRODUCTS_DIR; };
		B07230C42A86DEE000F897B6 /* RealityKitContent */ = {isa = PBXFileReference; lastKnownFileType = wrapper; path = RealityKitContent; sourceTree = "<group>"; };
		B07230C72A86DEE000F897B6 /* HilbertStoreVisionApp.swift */ = {isa = PBXFileReference; lastKnownFileType = sourcecode.swift; path = HilbertStoreVisionApp.swift; sourceTree = "<group>"; };
		B07230C92A86DEE000F897B6 /* ContentView.swift */ = {isa = PBXFileReference; lastKnownFileType = sourcecode.swift; path = ContentView.swift; sourceTree = "<group>"; };
		B07230CB2A86DEE300F897B6 /* Assets.xcassets */ = {isa = PBXFileReference; lastKnownFileType = folder.assetcatalog; path = Assets.xcassets; sourceTree = "<group>"; };
		B07230CE2A86DEE300F897B6 /* Preview Assets.xcassets */ = {isa = PBXFileReference; lastKnownFileType = folder.assetcatalog; path = "Preview Assets.xcassets"; sourceTree = "<group>"; };
		B07230E12A86DF5100F897B6 /* GoogleService-Info.plist */ = {isa = PBXFileReference; fileEncoding = 4; lastKnownFileType = text.plist.xml; name = "GoogleService-Info.plist"; path = "../../../../../Downloads/GoogleService-Info.plist"; sourceTree = "<group>"; };
		B07230E32A86DF6200F897B6 /* GoogleService-Info.plist */ = {isa = PBXFileReference; fileEncoding = 4; lastKnownFileType = text.plist.xml; name = "GoogleService-Info.plist"; path = "../../../../../Downloads/GoogleService-Info.plist"; sourceTree = "<group>"; };
		B07230E52A86E27F00F897B6 /* Info.plist */ = {isa = PBXFileReference; lastKnownFileType = text.plist; path = Info.plist; sourceTree = "<group>"; };
		B07230E62A86E2B900F897B6 /* Info.plist */ = {isa = PBXFileReference; lastKnownFileType = text.plist; path = Info.plist; sourceTree = "<group>"; };
		B07230E82A86E39100F897B6 /* AppDelegate.swift */ = {isa = PBXFileReference; lastKnownFileType = sourcecode.swift; path = AppDelegate.swift; sourceTree = "<group>"; };
/* End PBXFileReference section */

/* Begin PBXFrameworksBuildPhase section */
		B07230A92A86DEC000F897B6 /* Frameworks */ = {
			isa = PBXFrameworksBuildPhase;
			buildActionMask = 2147483647;
			files = (
				B07230D62A86DF0A00F897B6 /* FirebaseFirestore in Frameworks */,
				B07230D82A86DF0A00F897B6 /* FirebaseFirestoreSwift in Frameworks */,
				B07230DA2A86DF0A00F897B6 /* FirebaseStorage in Frameworks */,
			);
			runOnlyForDeploymentPostprocessing = 0;
		};
		B07230BE2A86DEE000F897B6 /* Frameworks */ = {
			isa = PBXFrameworksBuildPhase;
			buildActionMask = 2147483647;
			files = (
				B07230C62A86DEE000F897B6 /* RealityKitContent in Frameworks */,
				B07230E02A86DF1C00F897B6 /* FirebaseStorage in Frameworks */,
				B07230DC2A86DF1C00F897B6 /* FirebaseFirestore in Frameworks */,
				B07230DE2A86DF1C00F897B6 /* FirebaseFirestoreSwift in Frameworks */,
			);
			runOnlyForDeploymentPostprocessing = 0;
		};
/* End PBXFrameworksBuildPhase section */

/* Begin PBXGroup section */
		B07230A32A86DEC000F897B6 = {
			isa = PBXGroup;
			children = (
				B07230E72A86E36F00F897B6 /* Shared */,
				B07230AE2A86DEC000F897B6 /* HilbertStore */,
				B07230C22A86DEE000F897B6 /* HilbertStoreVision */,
				B07230C32A86DEE000F897B6 /* Packages */,
				B07230AD2A86DEC000F897B6 /* Products */,
				B07230D42A86DF0A00F897B6 /* Frameworks */,
			);
			sourceTree = "<group>";
		};
		B07230AD2A86DEC000F897B6 /* Products */ = {
			isa = PBXGroup;
			children = (
				B07230AC2A86DEC000F897B6 /* HilbertStore.app */,
				B07230C12A86DEE000F897B6 /* HilbertStoreVision.app */,
			);
			name = Products;
			sourceTree = "<group>";
		};
		B07230AE2A86DEC000F897B6 /* HilbertStore */ = {
			isa = PBXGroup;
			children = (
				B07230E52A86E27F00F897B6 /* Info.plist */,
				B07230E32A86DF6200F897B6 /* GoogleService-Info.plist */,
				B07230AF2A86DEC000F897B6 /* HilbertStoreApp.swift */,
				B07230B12A86DEC000F897B6 /* ContentView.swift */,
				B07230B32A86DEC200F897B6 /* Assets.xcassets */,
				B07230B52A86DEC200F897B6 /* Preview Content */,
			);
			path = HilbertStore;
			sourceTree = "<group>";
		};
		B07230B52A86DEC200F897B6 /* Preview Content */ = {
			isa = PBXGroup;
			children = (
				B07230B62A86DEC200F897B6 /* Preview Assets.xcassets */,
			);
			path = "Preview Content";
			sourceTree = "<group>";
		};
		B07230C22A86DEE000F897B6 /* HilbertStoreVision */ = {
			isa = PBXGroup;
			children = (
				B07230E62A86E2B900F897B6 /* Info.plist */,
				B07230E12A86DF5100F897B6 /* GoogleService-Info.plist */,
				B07230C72A86DEE000F897B6 /* HilbertStoreVisionApp.swift */,
				B07230C92A86DEE000F897B6 /* ContentView.swift */,
				B07230CB2A86DEE300F897B6 /* Assets.xcassets */,
				B07230CD2A86DEE300F897B6 /* Preview Content */,
			);
			path = HilbertStoreVision;
			sourceTree = "<group>";
		};
		B07230C32A86DEE000F897B6 /* Packages */ = {
			isa = PBXGroup;
			children = (
				B07230C42A86DEE000F897B6 /* RealityKitContent */,
			);
			path = Packages;
			sourceTree = "<group>";
		};
		B07230CD2A86DEE300F897B6 /* Preview Content */ = {
			isa = PBXGroup;
			children = (
				B07230CE2A86DEE300F897B6 /* Preview Assets.xcassets */,
			);
			path = "Preview Content";
			sourceTree = "<group>";
		};
		B07230D42A86DF0A00F897B6 /* Frameworks */ = {
			isa = PBXGroup;
			children = (
			);
			name = Frameworks;
			sourceTree = "<group>";
		};
		B07230E72A86E36F00F897B6 /* Shared */ = {
			isa = PBXGroup;
			children = (
				B07230E82A86E39100F897B6 /* AppDelegate.swift */,
			);
			path = Shared;
			sourceTree = "<group>";
		};
/* End PBXGroup section */

/* Begin PBXNativeTarget section */
		B07230AB2A86DEC000F897B6 /* HilbertStore */ = {
			isa = PBXNativeTarget;
			buildConfigurationList = B07230BA2A86DEC200F897B6 /* Build configuration list for PBXNativeTarget "HilbertStore" */;
			buildPhases = (
				B07230A82A86DEC000F897B6 /* Sources */,
				B07230A92A86DEC000F897B6 /* Frameworks */,
				B07230AA2A86DEC000F897B6 /* Resources */,
			);
			buildRules = (
			);
			dependencies = (
			);
			name = HilbertStore;
			packageProductDependencies = (
				B07230D52A86DF0A00F897B6 /* FirebaseFirestore */,
				B07230D72A86DF0A00F897B6 /* FirebaseFirestoreSwift */,
				B07230D92A86DF0A00F897B6 /* FirebaseStorage */,
			);
			productName = HilbertStore;
			productReference = B07230AC2A86DEC000F897B6 /* HilbertStore.app */;
			productType = "com.apple.product-type.application";
		};
		B07230C02A86DEE000F897B6 /* HilbertStoreVision */ = {
			isa = PBXNativeTarget;
			buildConfigurationList = B07230D02A86DEE300F897B6 /* Build configuration list for PBXNativeTarget "HilbertStoreVision" */;
			buildPhases = (
				B07230BD2A86DEE000F897B6 /* Sources */,
				B07230BE2A86DEE000F897B6 /* Frameworks */,
				B07230BF2A86DEE000F897B6 /* Resources */,
			);
			buildRules = (
			);
			dependencies = (
			);
			name = HilbertStoreVision;
			packageProductDependencies = (
				B07230C52A86DEE000F897B6 /* RealityKitContent */,
				B07230DB2A86DF1C00F897B6 /* FirebaseFirestore */,
				B07230DD2A86DF1C00F897B6 /* FirebaseFirestoreSwift */,
				B07230DF2A86DF1C00F897B6 /* FirebaseStorage */,
			);
			productName = HilbertStoreVision;
			productReference = B07230C12A86DEE000F897B6 /* HilbertStoreVision.app */;
			productType = "com.apple.product-type.application";
		};
/* End PBXNativeTarget section */

/* Begin PBXProject section */
		B07230A42A86DEC000F897B6 /* Project object */ = {
			isa = PBXProject;
			attributes = {
				BuildIndependentTargetsInParallel = 1;
				LastSwiftUpdateCheck = 1500;
				LastUpgradeCheck = 1500;
				TargetAttributes = {
					B07230AB2A86DEC000F897B6 = {
						CreatedOnToolsVersion = 15.0;
					};
					B07230C02A86DEE000F897B6 = {
						CreatedOnToolsVersion = 15.0;
					};
				};
			};
			buildConfigurationList = B07230A72A86DEC000F897B6 /* Build configuration list for PBXProject "HilbertStore" */;
			compatibilityVersion = "Xcode 14.0";
			developmentRegion = en;
			hasScannedForEncodings = 0;
			knownRegions = (
				en,
				Base,
			);
			mainGroup = B07230A32A86DEC000F897B6;
			packageReferences = (
				B07230D32A86DEF700F897B6 /* XCRemoteSwiftPackageReference "firebase-ios-sdk" */,
			);
			productRefGroup = B07230AD2A86DEC000F897B6 /* Products */;
			projectDirPath = "";
			projectRoot = "";
			targets = (
				B07230AB2A86DEC000F897B6 /* HilbertStore */,
				B07230C02A86DEE000F897B6 /* HilbertStoreVision */,
			);
		};
/* End PBXProject section */

/* Begin PBXResourcesBuildPhase section */
		B07230AA2A86DEC000F897B6 /* Resources */ = {
			isa = PBXResourcesBuildPhase;
			buildActionMask = 2147483647;
			files = (
				B07230B72A86DEC200F897B6 /* Preview Assets.xcassets in Resources */,
				B07230B42A86DEC200F897B6 /* Assets.xcassets in Resources */,
				B07230E42A86DF6200F897B6 /* GoogleService-Info.plist in Resources */,
			);
			runOnlyForDeploymentPostprocessing = 0;
		};
		B07230BF2A86DEE000F897B6 /* Resources */ = {
			isa = PBXResourcesBuildPhase;
			buildActionMask = 2147483647;
			files = (
				B07230CF2A86DEE300F897B6 /* Preview Assets.xcassets in Resources */,
				B07230CC2A86DEE300F897B6 /* Assets.xcassets in Resources */,
				B07230E22A86DF5100F897B6 /* GoogleService-Info.plist in Resources */,
			);
			runOnlyForDeploymentPostprocessing = 0;
		};
/* End PBXResourcesBuildPhase section */

/* Begin PBXSourcesBuildPhase section */
		B07230A82A86DEC000F897B6 /* Sources */ = {
			isa = PBXSourcesBuildPhase;
			buildActionMask = 2147483647;
			files = (
				B07230E92A86E39100F897B6 /* AppDelegate.swift in Sources */,
				B07230B22A86DEC000F897B6 /* ContentView.swift in Sources */,
				B07230B02A86DEC000F897B6 /* HilbertStoreApp.swift in Sources */,
			);
			runOnlyForDeploymentPostprocessing = 0;
		};
		B07230BD2A86DEE000F897B6 /* Sources */ = {
			isa = PBXSourcesBuildPhase;
			buildActionMask = 2147483647;
			files = (
				B07230EA2A86E39100F897B6 /* AppDelegate.swift in Sources */,
				B07230CA2A86DEE000F897B6 /* ContentView.swift in Sources */,
				B07230C82A86DEE000F897B6 /* HilbertStoreVisionApp.swift in Sources */,
			);
			runOnlyForDeploymentPostprocessing = 0;
		};
/* End PBXSourcesBuildPhase section */

/* Begin XCBuildConfiguration section */
		B07230B82A86DEC200F897B6 /* Debug */ = {
			isa = XCBuildConfiguration;
			buildSettings = {
				ALWAYS_SEARCH_USER_PATHS = NO;
				ASSETCATALOG_COMPILER_GENERATE_SWIFT_ASSET_SYMBOL_EXTENSIONS = YES;
				CLANG_ANALYZER_NONNULL = YES;
				CLANG_ANALYZER_NUMBER_OBJECT_CONVERSION = YES_AGGRESSIVE;
				CLANG_CXX_LANGUAGE_STANDARD = "gnu++20";
				CLANG_ENABLE_MODULES = YES;
				CLANG_ENABLE_OBJC_ARC = YES;
				CLANG_ENABLE_OBJC_WEAK = YES;
				CLANG_WARN_BLOCK_CAPTURE_AUTORELEASING = YES;
				CLANG_WARN_BOOL_CONVERSION = YES;
				CLANG_WARN_COMMA = YES;
				CLANG_WARN_CONSTANT_CONVERSION = YES;
				CLANG_WARN_DEPRECATED_OBJC_IMPLEMENTATIONS = YES;
				CLANG_WARN_DIRECT_OBJC_ISA_USAGE = YES_ERROR;
				CLANG_WARN_DOCUMENTATION_COMMENTS = YES;
				CLANG_WARN_EMPTY_BODY = YES;
				CLANG_WARN_ENUM_CONVERSION = YES;
				CLANG_WARN_INFINITE_RECURSION = YES;
				CLANG_WARN_INT_CONVERSION = YES;
				CLANG_WARN_NON_LITERAL_NULL_CONVERSION = YES;
				CLANG_WARN_OBJC_IMPLICIT_RETAIN_SELF = YES;
				CLANG_WARN_OBJC_LITERAL_CONVERSION = YES;
				CLANG_WARN_OBJC_ROOT_CLASS = YES_ERROR;
				CLANG_WARN_QUOTED_INCLUDE_IN_FRAMEWORK_HEADER = YES;
				CLANG_WARN_RANGE_LOOP_ANALYSIS = YES;
				CLANG_WARN_STRICT_PROTOTYPES = YES;
				CLANG_WARN_SUSPICIOUS_MOVE = YES;
				CLANG_WARN_UNGUARDED_AVAILABILITY = YES_AGGRESSIVE;
				CLANG_WARN_UNREACHABLE_CODE = YES;
				CLANG_WARN__DUPLICATE_METHOD_MATCH = YES;
				COPY_PHASE_STRIP = NO;
				DEBUG_INFORMATION_FORMAT = dwarf;
				ENABLE_STRICT_OBJC_MSGSEND = YES;
				ENABLE_TESTABILITY = YES;
				ENABLE_USER_SCRIPT_SANDBOXING = YES;
				GCC_C_LANGUAGE_STANDARD = gnu17;
				GCC_DYNAMIC_NO_PIC = NO;
				GCC_NO_COMMON_BLOCKS = YES;
				GCC_OPTIMIZATION_LEVEL = 0;
				GCC_PREPROCESSOR_DEFINITIONS = (
					"DEBUG=1",
					"$(inherited)",
				);
				GCC_WARN_64_TO_32_BIT_CONVERSION = YES;
				GCC_WARN_ABOUT_RETURN_TYPE = YES_ERROR;
				GCC_WARN_UNDECLARED_SELECTOR = YES;
				GCC_WARN_UNINITIALIZED_AUTOS = YES_AGGRESSIVE;
				GCC_WARN_UNUSED_FUNCTION = YES;
				GCC_WARN_UNUSED_VARIABLE = YES;
				IPHONEOS_DEPLOYMENT_TARGET = 17.0;
				LOCALIZATION_PREFERS_STRING_CATALOGS = YES;
				MTL_ENABLE_DEBUG_INFO = INCLUDE_SOURCE;
				MTL_FAST_MATH = YES;
				ONLY_ACTIVE_ARCH = YES;
				SDKROOT = iphoneos;
				SWIFT_ACTIVE_COMPILATION_CONDITIONS = "DEBUG $(inherited)";
				SWIFT_OPTIMIZATION_LEVEL = "-Onone";
			};
			name = Debug;
		};
		B07230B92A86DEC200F897B6 /* Release */ = {
			isa = XCBuildConfiguration;
			buildSettings = {
				ALWAYS_SEARCH_USER_PATHS = NO;
				ASSETCATALOG_COMPILER_GENERATE_SWIFT_ASSET_SYMBOL_EXTENSIONS = YES;
				CLANG_ANALYZER_NONNULL = YES;
				CLANG_ANALYZER_NUMBER_OBJECT_CONVERSION = YES_AGGRESSIVE;
				CLANG_CXX_LANGUAGE_STANDARD = "gnu++20";
				CLANG_ENABLE_MODULES = YES;
				CLANG_ENABLE_OBJC_ARC = YES;
				CLANG_ENABLE_OBJC_WEAK = YES;
				CLANG_WARN_BLOCK_CAPTURE_AUTORELEASING = YES;
				CLANG_WARN_BOOL_CONVERSION = YES;
				CLANG_WARN_COMMA = YES;
				CLANG_WARN_CONSTANT_CONVERSION = YES;
				CLANG_WARN_DEPRECATED_OBJC_IMPLEMENTATIONS = YES;
				CLANG_WARN_DIRECT_OBJC_ISA_USAGE = YES_ERROR;
				CLANG_WARN_DOCUMENTATION_COMMENTS = YES;
				CLANG_WARN_EMPTY_BODY = YES;
				CLANG_WARN_ENUM_CONVERSION = YES;
				CLANG_WARN_INFINITE_RECURSION = YES;
				CLANG_WARN_INT_CONVERSION = YES;
				CLANG_WARN_NON_LITERAL_NULL_CONVERSION = YES;
				CLANG_WARN_OBJC_IMPLICIT_RETAIN_SELF = YES;
				CLANG_WARN_OBJC_LITERAL_CONVERSION = YES;
				CLANG_WARN_OBJC_ROOT_CLASS = YES_ERROR;
				CLANG_WARN_QUOTED_INCLUDE_IN_FRAMEWORK_HEADER = YES;
				CLANG_WARN_RANGE_LOOP_ANALYSIS = YES;
				CLANG_WARN_STRICT_PROTOTYPES = YES;
				CLANG_WARN_SUSPICIOUS_MOVE = YES;
				CLANG_WARN_UNGUARDED_AVAILABILITY = YES_AGGRESSIVE;
				CLANG_WARN_UNREACHABLE_CODE = YES;
				CLANG_WARN__DUPLICATE_METHOD_MATCH = YES;
				COPY_PHASE_STRIP = NO;
				DEBUG_INFORMATION_FORMAT = "dwarf-with-dsym";
				ENABLE_NS_ASSERTIONS = NO;
				ENABLE_STRICT_OBJC_MSGSEND = YES;
				ENABLE_USER_SCRIPT_SANDBOXING = YES;
				GCC_C_LANGUAGE_STANDARD = gnu17;
				GCC_NO_COMMON_BLOCKS = YES;
				GCC_WARN_64_TO_32_BIT_CONVERSION = YES;
				GCC_WARN_ABOUT_RETURN_TYPE = YES_ERROR;
				GCC_WARN_UNDECLARED_SELECTOR = YES;
				GCC_WARN_UNINITIALIZED_AUTOS = YES_AGGRESSIVE;
				GCC_WARN_UNUSED_FUNCTION = YES;
				GCC_WARN_UNUSED_VARIABLE = YES;
				IPHONEOS_DEPLOYMENT_TARGET = 17.0;
				LOCALIZATION_PREFERS_STRING_CATALOGS = YES;
				MTL_ENABLE_DEBUG_INFO = NO;
				MTL_FAST_MATH = YES;
				SDKROOT = iphoneos;
				SWIFT_COMPILATION_MODE = wholemodule;
				VALIDATE_PRODUCT = YES;
			};
			name = Release;
		};
		B07230BB2A86DEC200F897B6 /* Debug */ = {
			isa = XCBuildConfiguration;
			buildSettings = {
				ASSETCATALOG_COMPILER_APPICON_NAME = AppIcon;
				ASSETCATALOG_COMPILER_GLOBAL_ACCENT_COLOR_NAME = AccentColor;
				CODE_SIGN_STYLE = Automatic;
				CURRENT_PROJECT_VERSION = 1;
				DEVELOPMENT_ASSET_PATHS = "\"HilbertStore/Preview Content\"";
				DEVELOPMENT_TEAM = E9Y3V7QQ73;
				ENABLE_PREVIEWS = YES;
				GENERATE_INFOPLIST_FILE = YES;
				INFOPLIST_FILE = HilbertStore/Info.plist;
				INFOPLIST_KEY_UIApplicationSceneManifest_Generation = YES;
				INFOPLIST_KEY_UIApplicationSupportsIndirectInputEvents = YES;
				INFOPLIST_KEY_UILaunchScreen_Generation = YES;
				INFOPLIST_KEY_UISupportedInterfaceOrientations_iPad = "UIInterfaceOrientationPortrait UIInterfaceOrientationPortraitUpsideDown UIInterfaceOrientationLandscapeLeft UIInterfaceOrientationLandscapeRight";
				INFOPLIST_KEY_UISupportedInterfaceOrientations_iPhone = "UIInterfaceOrientationPortrait UIInterfaceOrientationLandscapeLeft UIInterfaceOrientationLandscapeRight";
				LD_RUNPATH_SEARCH_PATHS = (
					"$(inherited)",
					"@executable_path/Frameworks",
				);
				MARKETING_VERSION = 1.0;
				PRODUCT_BUNDLE_IDENTIFIER = studio.liuli.HilbertStore;
				PRODUCT_NAME = "$(TARGET_NAME)";
				SWIFT_EMIT_LOC_STRINGS = YES;
				SWIFT_VERSION = 5.0;
				TARGETED_DEVICE_FAMILY = "1,2";
			};
			name = Debug;
		};
		B07230BC2A86DEC200F897B6 /* Release */ = {
			isa = XCBuildConfiguration;
			buildSettings = {
				ASSETCATALOG_COMPILER_APPICON_NAME = AppIcon;
				ASSETCATALOG_COMPILER_GLOBAL_ACCENT_COLOR_NAME = AccentColor;
				CODE_SIGN_STYLE = Automatic;
				CURRENT_PROJECT_VERSION = 1;
				DEVELOPMENT_ASSET_PATHS = "\"HilbertStore/Preview Content\"";
				DEVELOPMENT_TEAM = E9Y3V7QQ73;
				ENABLE_PREVIEWS = YES;
				GENERATE_INFOPLIST_FILE = YES;
				INFOPLIST_FILE = HilbertStore/Info.plist;
				INFOPLIST_KEY_UIApplicationSceneManifest_Generation = YES;
				INFOPLIST_KEY_UIApplicationSupportsIndirectInputEvents = YES;
				INFOPLIST_KEY_UILaunchScreen_Generation = YES;
				INFOPLIST_KEY_UISupportedInterfaceOrientations_iPad = "UIInterfaceOrientationPortrait UIInterfaceOrientationPortraitUpsideDown UIInterfaceOrientationLandscapeLeft UIInterfaceOrientationLandscapeRight";
				INFOPLIST_KEY_UISupportedInterfaceOrientations_iPhone = "UIInterfaceOrientationPortrait UIInterfaceOrientationLandscapeLeft UIInterfaceOrientationLandscapeRight";
				LD_RUNPATH_SEARCH_PATHS = (
					"$(inherited)",
					"@executable_path/Frameworks",
				);
				MARKETING_VERSION = 1.0;
				PRODUCT_BUNDLE_IDENTIFIER = studio.liuli.HilbertStore;
				PRODUCT_NAME = "$(TARGET_NAME)";
				SWIFT_EMIT_LOC_STRINGS = YES;
				SWIFT_VERSION = 5.0;
				TARGETED_DEVICE_FAMILY = "1,2";
			};
			name = Release;
		};
		B07230D12A86DEE300F897B6 /* Debug */ = {
			isa = XCBuildConfiguration;
			buildSettings = {
				ASSETCATALOG_COMPILER_APPICON_NAME = AppIcon;
				ASSETCATALOG_COMPILER_GLOBAL_ACCENT_COLOR_NAME = AccentColor;
				CODE_SIGN_STYLE = Automatic;
				CURRENT_PROJECT_VERSION = 1;
				DEVELOPMENT_ASSET_PATHS = "\"HilbertStoreVision/Preview Content\"";
				DEVELOPMENT_TEAM = E9Y3V7QQ73;
				ENABLE_PREVIEWS = YES;
				GENERATE_INFOPLIST_FILE = YES;
				INFOPLIST_FILE = HilbertStoreVision/Info.plist;
				INFOPLIST_KEY_UIApplicationSceneManifest_Generation = YES;
				LD_RUNPATH_SEARCH_PATHS = (
					"$(inherited)",
					"@executable_path/Frameworks",
				);
				MARKETING_VERSION = 1.0;
				PRODUCT_BUNDLE_IDENTIFIER = studio.liuli.HilbertStoreVision;
				PRODUCT_NAME = "$(TARGET_NAME)";
				SDKROOT = xros;
				SUPPORTED_PLATFORMS = "xros xrsimulator";
				SWIFT_EMIT_LOC_STRINGS = YES;
				SWIFT_VERSION = 5.0;
				TARGETED_DEVICE_FAMILY = "1,2,7";
				XROS_DEPLOYMENT_TARGET = 1.0;
			};
			name = Debug;
		};
		B07230D22A86DEE300F897B6 /* Release */ = {
			isa = XCBuildConfiguration;
			buildSettings = {
				ASSETCATALOG_COMPILER_APPICON_NAME = AppIcon;
				ASSETCATALOG_COMPILER_GLOBAL_ACCENT_COLOR_NAME = AccentColor;
				CODE_SIGN_STYLE = Automatic;
				CURRENT_PROJECT_VERSION = 1;
				DEVELOPMENT_ASSET_PATHS = "\"HilbertStoreVision/Preview Content\"";
				DEVELOPMENT_TEAM = E9Y3V7QQ73;
				ENABLE_PREVIEWS = YES;
				GENERATE_INFOPLIST_FILE = YES;
				INFOPLIST_FILE = HilbertStoreVision/Info.plist;
				INFOPLIST_KEY_UIApplicationSceneManifest_Generation = YES;
				LD_RUNPATH_SEARCH_PATHS = (
					"$(inherited)",
					"@executable_path/Frameworks",
				);
				MARKETING_VERSION = 1.0;
				PRODUCT_BUNDLE_IDENTIFIER = studio.liuli.HilbertStoreVision;
				PRODUCT_NAME = "$(TARGET_NAME)";
				SDKROOT = xros;
				SUPPORTED_PLATFORMS = "xros xrsimulator";
				SWIFT_EMIT_LOC_STRINGS = YES;
				SWIFT_VERSION = 5.0;
				TARGETED_DEVICE_FAMILY = "1,2,7";
				XROS_DEPLOYMENT_TARGET = 1.0;
			};
			name = Release;
		};
/* End XCBuildConfiguration section */

/* Begin XCConfigurationList section */
		B07230A72A86DEC000F897B6 /* Build configuration list for PBXProject "HilbertStore" */ = {
			isa = XCConfigurationList;
			buildConfigurations = (
				B07230B82A86DEC200F897B6 /* Debug */,
				B07230B92A86DEC200F897B6 /* Release */,
			);
			defaultConfigurationIsVisible = 0;
			defaultConfigurationName = Release;
		};
		B07230BA2A86DEC200F897B6 /* Build configuration list for PBXNativeTarget "HilbertStore" */ = {
			isa = XCConfigurationList;
			buildConfigurations = (
				B07230BB2A86DEC200F897B6 /* Debug */,
				B07230BC2A86DEC200F897B6 /* Release */,
			);
			defaultConfigurationIsVisible = 0;
			defaultConfigurationName = Release;
		};
		B07230D02A86DEE300F897B6 /* Build configuration list for PBXNativeTarget "HilbertStoreVision" */ = {
			isa = XCConfigurationList;
			buildConfigurations = (
				B07230D12A86DEE300F897B6 /* Debug */,
				B07230D22A86DEE300F897B6 /* Release */,
			);
			defaultConfigurationIsVisible = 0;
			defaultConfigurationName = Release;
		};
/* End XCConfigurationList section */

/* Begin XCRemoteSwiftPackageReference section */
		B07230D32A86DEF700F897B6 /* XCRemoteSwiftPackageReference "firebase-ios-sdk" */ = {
			isa = XCRemoteSwiftPackageReference;
			repositoryURL = "https://github.com/firebase/firebase-ios-sdk";
			requirement = {
				kind = upToNextMajorVersion;
				minimumVersion = 10.13.0;
			};
		};
/* End XCRemoteSwiftPackageReference section */

/* Begin XCSwiftPackageProductDependency section */
		B07230C52A86DEE000F897B6 /* RealityKitContent */ = {
			isa = XCSwiftPackageProductDependency;
			productName = RealityKitContent;
		};
		B07230D52A86DF0A00F897B6 /* FirebaseFirestore */ = {
			isa = XCSwiftPackageProductDependency;
			package = B07230D32A86DEF700F897B6 /* XCRemoteSwiftPackageReference "firebase-ios-sdk" */;
			productName = FirebaseFirestore;
		};
		B07230D72A86DF0A00F897B6 /* FirebaseFirestoreSwift */ = {
			isa = XCSwiftPackageProductDependency;
			package = B07230D32A86DEF700F897B6 /* XCRemoteSwiftPackageReference "firebase-ios-sdk" */;
			productName = FirebaseFirestoreSwift;
		};
		B07230D92A86DF0A00F897B6 /* FirebaseStorage */ = {
			isa = XCSwiftPackageProductDependency;
			package = B07230D32A86DEF700F897B6 /* XCRemoteSwiftPackageReference "firebase-ios-sdk" */;
			productName = FirebaseStorage;
		};
		B07230DB2A86DF1C00F897B6 /* FirebaseFirestore */ = {
			isa = XCSwiftPackageProductDependency;
			package = B07230D32A86DEF700F897B6 /* XCRemoteSwiftPackageReference "firebase-ios-sdk" */;
			productName = FirebaseFirestore;
		};
		B07230DD2A86DF1C00F897B6 /* FirebaseFirestoreSwift */ = {
			isa = XCSwiftPackageProductDependency;
			package = B07230D32A86DEF700F897B6 /* XCRemoteSwiftPackageReference "firebase-ios-sdk" */;
			productName = FirebaseFirestoreSwift;
		};
		B07230DF2A86DF1C00F897B6 /* FirebaseStorage */ = {
			isa = XCSwiftPackageProductDependency;
			package = B07230D32A86DEF700F897B6 /* XCRemoteSwiftPackageReference "firebase-ios-sdk" */;
			productName = FirebaseStorage;
		};
/* End XCSwiftPackageProductDependency section */
	};
	rootObject = B07230A42A86DEC000F897B6 /* Project object */;
}
